
Microsoft Visual Studio Solution File, Format Version 12.00
Project("{2150E333-8FDC-42A3-9474-1A3956D46DE8}") = "src", "src", "{292CF475-5837-42B4-BAC5-B13E07B6BDBA}"
EndProject
Project("{2150E333-8FDC-42A3-9474-1A3956D46DE8}") = "test", "test", "{2B484A4E-7642-47D5-9731-8CDEBFC2F081}"
EndProject
Project("{FAE04EC0-301F-11D3-BF4B-00C04F79EFBC}") = "CangguEvents.IntegrationTests", "test\CangguEvents.IntegrationTests\CangguEvents.IntegrationTests.csproj", "{ED67732E-C891-4969-8FBF-810BE2D84AE3}"
EndProject
Project("{FAE04EC0-301F-11D3-BF4B-00C04F79EFBC}") = "CangguEvents.UnitTests", "test\CangguEvents.UnitTests\CangguEvents.UnitTests.csproj", "{34788F12-F2F6-4393-AC51-96A72145B722}"
EndProject
Project("{2150E333-8FDC-42A3-9474-1A3956D46DE8}") = "TelegramBot", "TelegramBot", "{FE30A1F0-CF4D-4B10-B2E7-2E03C8C7A28F}"
EndProject
Project("{2150E333-8FDC-42A3-9474-1A3956D46DE8}") = "Admin", "Admin", "{CDE18E5B-C1DD-4D09-A711-8E067408FC8D}"
EndProject
Project("{2150E333-8FDC-42A3-9474-1A3956D46DE8}") = "Domain", "Domain", "{F6183FCD-16C5-421B-9118-4E44C15E4741}"
EndProject
Project("{FAE04EC0-301F-11D3-BF4B-00C04F79EFBC}") = "CangguEvents.Web", "src\Admin\CangguEvents.Web\CangguEvents.Web.csproj", "{2E61789D-3EF6-40CB-ADE9-650CB4F519BA}"
EndProject
Project("{FAE04EC0-301F-11D3-BF4B-00C04F79EFBC}") = "CangguEvents.Domain", "src\Domain\CangguEvents.Domain\CangguEvents.Domain.csproj", "{6507D77E-F81C-4612-AE8C-884BE09E78C9}"
EndProject
Project("{FAE04EC0-301F-11D3-BF4B-00C04F79EFBC}") = "CangguEvents.MongoDb", "src\Domain\CangguEvents.MongoDb\CangguEvents.MongoDb.csproj", "{6BD25B41-CDCD-46D6-B70C-985D802F053F}"
EndProject
Project("{FAE04EC0-301F-11D3-BF4B-00C04F79EFBC}") = "CangguEvents.Webhook", "src\TelegramBot\CangguEvents.Webhook\CangguEvents.Webhook.csproj", "{1E7A83C3-5FBF-494E-8B7F-5A81377970DC}"
EndProject
Project("{FAE04EC0-301F-11D3-BF4B-00C04F79EFBC}") = "CangguEvents.Application", "src\TelegramBot\CangguEvents.Application\CangguEvents.Application.csproj", "{CE672A65-997E-41F4-B89E-B9E68F70C764}"
EndProject
Project("{FAE04EC0-301F-11D3-BF4B-00C04F79EFBC}") = "CangguEvents.SQLite", "src\Domain\CangguEvents.SQLite\CangguEvents.SQLite.csproj", "{F8CDBA66-229F-4856-A77F-68B7872449AE}"
EndProject
Global
	GlobalSection(SolutionConfigurationPlatforms) = preSolution
		Debug|Any CPU = Debug|Any CPU
		Release|Any CPU = Release|Any CPU
	EndGlobalSection
	GlobalSection(ProjectConfigurationPlatforms) = postSolution
		{ED67732E-C891-4969-8FBF-810BE2D84AE3}.Debug|Any CPU.ActiveCfg = Debug|Any CPU
		{ED67732E-C891-4969-8FBF-810BE2D84AE3}.Debug|Any CPU.Build.0 = Debug|Any CPU
		{ED67732E-C891-4969-8FBF-810BE2D84AE3}.Release|Any CPU.ActiveCfg = Release|Any CPU
		{ED67732E-C891-4969-8FBF-810BE2D84AE3}.Release|Any CPU.Build.0 = Release|Any CPU
		{34788F12-F2F6-4393-AC51-96A72145B722}.Debug|Any CPU.ActiveCfg = Debug|Any CPU
		{34788F12-F2F6-4393-AC51-96A72145B722}.Debug|Any CPU.Build.0 = Debug|Any CPU
		{34788F12-F2F6-4393-AC51-96A72145B722}.Release|Any CPU.ActiveCfg = Release|Any CPU
		{34788F12-F2F6-4393-AC51-96A72145B722}.Release|Any CPU.Build.0 = Release|Any CPU
		{2E61789D-3EF6-40CB-ADE9-650CB4F519BA}.Debug|Any CPU.ActiveCfg = Debug|Any CPU
		{2E61789D-3EF6-40CB-ADE9-650CB4F519BA}.Debug|Any CPU.Build.0 = Debug|Any CPU
		{2E61789D-3EF6-40CB-ADE9-650CB4F519BA}.Release|Any CPU.ActiveCfg = Release|Any CPU
		{2E61789D-3EF6-40CB-ADE9-650CB4F519BA}.Release|Any CPU.Build.0 = Release|Any CPU
		{6507D77E-F81C-4612-AE8C-884BE09E78C9}.Debug|Any CPU.ActiveCfg = Debug|Any CPU
		{6507D77E-F81C-4612-AE8C-884BE09E78C9}.Debug|Any CPU.Build.0 = Debug|Any CPU
		{6507D77E-F81C-4612-AE8C-884BE09E78C9}.Release|Any CPU.ActiveCfg = Release|Any CPU
		{6507D77E-F81C-4612-AE8C-884BE09E78C9}.Release|Any CPU.Build.0 = Release|Any CPU
		{6BD25B41-CDCD-46D6-B70C-985D802F053F}.Debug|Any CPU.ActiveCfg = Debug|Any CPU
		{6BD25B41-CDCD-46D6-B70C-985D802F053F}.Debug|Any CPU.Build.0 = Debug|Any CPU
		{6BD25B41-CDCD-46D6-B70C-985D802F053F}.Release|Any CPU.ActiveCfg = Release|Any CPU
		{6BD25B41-CDCD-46D6-B70C-985D802F053F}.Release|Any CPU.Build.0 = Release|Any CPU
		{1E7A83C3-5FBF-494E-8B7F-5A81377970DC}.Debug|Any CPU.ActiveCfg = Debug|Any CPU
		{1E7A83C3-5FBF-494E-8B7F-5A81377970DC}.Debug|Any CPU.Build.0 = Debug|Any CPU
		{1E7A83C3-5FBF-494E-8B7F-5A81377970DC}.Release|Any CPU.ActiveCfg = Release|Any CPU
		{1E7A83C3-5FBF-494E-8B7F-5A81377970DC}.Release|Any CPU.Build.0 = Release|Any CPU
		{CE672A65-997E-41F4-B89E-B9E68F70C764}.Debug|Any CPU.ActiveCfg = Debug|Any CPU
		{CE672A65-997E-41F4-B89E-B9E68F70C764}.Debug|Any CPU.Build.0 = Debug|Any CPU
		{CE672A65-997E-41F4-B89E-B9E68F70C764}.Release|Any CPU.ActiveCfg = Release|Any CPU
		{CE672A65-997E-41F4-B89E-B9E68F70C764}.Release|Any CPU.Build.0 = Release|Any CPU
		{F8CDBA66-229F-4856-A77F-68B7872449AE}.Debug|Any CPU.ActiveCfg = Debug|Any CPU
		{F8CDBA66-229F-4856-A77F-68B7872449AE}.Debug|Any CPU.Build.0 = Debug|Any CPU
		{F8CDBA66-229F-4856-A77F-68B7872449AE}.Release|Any CPU.ActiveCfg = Release|Any CPU
		{F8CDBA66-229F-4856-A77F-68B7872449AE}.Release|Any CPU.Build.0 = Release|Any CPU
	EndGlobalSection
	GlobalSection(NestedProjects) = preSolution
		{ED67732E-C891-4969-8FBF-810BE2D84AE3} = {2B484A4E-7642-47D5-9731-8CDEBFC2F081}
		{34788F12-F2F6-4393-AC51-96A72145B722} = {2B484A4E-7642-47D5-9731-8CDEBFC2F081}
		{FE30A1F0-CF4D-4B10-B2E7-2E03C8C7A28F} = {292CF475-5837-42B4-BAC5-B13E07B6BDBA}
		{CDE18E5B-C1DD-4D09-A711-8E067408FC8D} = {292CF475-5837-42B4-BAC5-B13E07B6BDBA}
		{F6183FCD-16C5-421B-9118-4E44C15E4741} = {292CF475-5837-42B4-BAC5-B13E07B6BDBA}
		{2E61789D-3EF6-40CB-ADE9-650CB4F519BA} = {CDE18E5B-C1DD-4D09-A711-8E067408FC8D}
		{6507D77E-F81C-4612-AE8C-884BE09E78C9} = {F6183FCD-16C5-421B-9118-4E44C15E4741}
		{6BD25B41-CDCD-46D6-B70C-985D802F053F} = {F6183FCD-16C5-421B-9118-4E44C15E4741}
		{1E7A83C3-5FBF-494E-8B7F-5A81377970DC} = {FE30A1F0-CF4D-4B10-B2E7-2E03C8C7A28F}
		{CE672A65-997E-41F4-B89E-B9E68F70C764} = {FE30A1F0-CF4D-4B10-B2E7-2E03C8C7A28F}
		{F8CDBA66-229F-4856-A77F-68B7872449AE} = {F6183FCD-16C5-421B-9118-4E44C15E4741}
	EndGlobalSection
EndGlobal
